
Microsoft Visual Studio Solution File, Format Version 12.00
# Visual Studio Version 17
VisualStudioVersion = 17.8.34601.278
MinimumVisualStudioVersion = 10.0.40219.1
Project("{FAE04EC0-301F-11D3-BF4B-00C04F79EFBC}") = "HamedStack.Result", "HamedStack.Result\HamedStack.Result.csproj", "{2CFFA295-E277-42E5-B13C-346E03F2880B}"
EndProject
Global
	GlobalSection(SolutionConfigurationPlatforms) = preSolution
		Debug|Any CPU = Debug|Any CPU
		Release|Any CPU = Release|Any CPU
	EndGlobalSection
	GlobalSection(ProjectConfigurationPlatforms) = postSolution
		{2CFFA295-E277-42E5-B13C-346E03F2880B}.Debug|Any CPU.ActiveCfg = Debug|Any CPU
		{2CFFA295-E277-42E5-B13C-346E03F2880B}.Debug|Any CPU.Build.0 = Debug|Any CPU
		{2CFFA295-E277-42E5-B13C-346E03F2880B}.Release|Any CPU.ActiveCfg = Release|Any CPU
		{2CFFA295-E277-42E5-B13C-346E03F2880B}.Release|Any CPU.Build.0 = Release|Any CPU
	EndGlobalSection
	GlobalSection(SolutionProperties) = preSolution
		HideSolutionNode = FALSE
	EndGlobalSection
	GlobalSection(ExtensibilityGlobals) = postSolution
		SolutionGuid = {47D342C8-E6B4-4A63-AAC4-542614BA1B8A}
	EndGlobalSection
EndGlobal
